{
  "name": "@oresoftware/ores-middleware",
  "version": "0.1.0",
  "lockfileVersion": 3,
  "requires": true,
  "packages": {
    "": {
      "name": "@oresoftware/ores-middleware",
      "version": "0.1.0",
      "devDependencies": {
        "@typespec/compiler": "^1.0.0",
        "@typespec/http": "^1.0.0",
        "@typespec/json-schema": "^1.0.0",
        "@typespec/openapi3": "^1.0.0",
        "ajv": "^8.17.1",
        "ajv-formats": "^3.0.1"
      },
      "engines": {
        "node": ">=22"
      }
    },
    "node_modules/@babel/code-frame": {
      "version": "7.29.7",
      "resolved": "https://registry.npmjs.org/@babel/code-frame/-/code-frame-7.29.7.tgz",
      "integrity": "sha512-Aup7aUOfpbAUg2ROOJN6Iw5f9DMBlzu0mIkm/malLQFN/YQgO48wCj0Kxa3sEHJvPVFg7siR+qRInwXd2qhQKw==",
      "dev": true,
      "license": "MIT",
      "dependencies": {
        "@babel/helper-validator-identifier": "^7.29.7",
        "js-tokens": "^4.0.0",
        "picocolors": "^1.1.1"
      },
      "engines": {
        "node": ">=6.9.0"
      }
    }
  }
}
